
Microsoft Visual Studio Solution File, Format Version 12.00
# Visual Studio Version 16
VisualStudioVersion = 16.0.32630.194
MinimumVisualStudioVersion = 10.0.40219.1
Project("{FAE04EC0-301F-11D3-BF4B-00C04F79EFBC}") = "yetgenJumpAkbankBackendEgitim1", "yetgenJumpAkbankBackendEgitim1\yetgenJumpAkbankBackendEgitim1.csproj", "{F4D48E54-9ECF-4E05-B657-9409A327F8D8}"
EndProject
Global
	GlobalSection(SolutionConfigurationPlatforms) = preSolution
		Debug|Any CPU = Debug|Any CPU
		Release|Any CPU = Release|Any CPU
	EndGlobalSection
	GlobalSection(ProjectConfigurationPlatforms) = postSolution
		{F4D48E54-9ECF-4E05-B657-9409A327F8D8}.Debug|Any CPU.ActiveCfg = Debug|Any CPU
		{F4D48E54-9ECF-4E05-B657-9409A327F8D8}.Debug|Any CPU.Build.0 = Debug|Any CPU
		{F4D48E54-9ECF-4E05-B657-9409A327F8D8}.Release|Any CPU.ActiveCfg = Release|Any CPU
		{F4D48E54-9ECF-4E05-B657-9409A327F8D8}.Release|Any CPU.Build.0 = Release|Any CPU
	EndGlobalSection
	GlobalSection(SolutionProperties) = preSolution
		HideSolutionNode = FALSE
	EndGlobalSection
	GlobalSection(ExtensibilityGlobals) = postSolution
		SolutionGuid = {76066090-2F86-4DE8-90DC-5511303764A4}
	EndGlobalSection
EndGlobal
